
Microsoft Visual Studio Solution File, Format Version 12.00
# Visual Studio Version 16
VisualStudioVersion = 16.0.32106.194
MinimumVisualStudioVersion = 10.0.40219.1
Project("{FAE04EC0-301F-11D3-BF4B-00C04F79EFBC}") = "EstacionamentoVini", "EstacionamentoVini\EstacionamentoVini.csproj", "{4C8443A4-3940-49BB-A413-7EE39FB630D2}"
EndProject
Global
	GlobalSection(SolutionConfigurationPlatforms) = preSolution
		Debug|Any CPU = Debug|Any CPU
		Release|Any CPU = Release|Any CPU
	EndGlobalSection
	GlobalSection(ProjectConfigurationPlatforms) = postSolution
		{4C8443A4-3940-49BB-A413-7EE39FB630D2}.Debug|Any CPU.ActiveCfg = Debug|Any CPU
		{4C8443A4-3940-49BB-A413-7EE39FB630D2}.Debug|Any CPU.Build.0 = Debug|Any CPU
		{4C8443A4-3940-49BB-A413-7EE39FB630D2}.Release|Any CPU.ActiveCfg = Release|Any CPU
		{4C8443A4-3940-49BB-A413-7EE39FB630D2}.Release|Any CPU.Build.0 = Release|Any CPU
	EndGlobalSection
	GlobalSection(SolutionProperties) = preSolution
		HideSolutionNode = FALSE
	EndGlobalSection
	GlobalSection(ExtensibilityGlobals) = postSolution
		SolutionGuid = {D551373C-A9AB-4DF4-BC18-774CB4A8D6F3}
	EndGlobalSection
EndGlobal
